
Microsoft Visual Studio Solution File, Format Version 12.00
# Visual Studio Version 16
VisualStudioVersion = 16.0.28803.202
MinimumVisualStudioVersion = 10.0.40219.1
Project("{9A19103F-16F7-4668-BE54-9A1E7A4F7556}") = "blazor-impots", "blazor-impots\blazor-impots.csproj", "{69A5A301-38C1-4AA2-B610-DAC068D562DF}"
EndProject
Global
	GlobalSection(SolutionConfigurationPlatforms) = preSolution
		Debug|Any CPU = Debug|Any CPU
		Release|Any CPU = Release|Any CPU
	EndGlobalSection
	GlobalSection(ProjectConfigurationPlatforms) = postSolution
		{69A5A301-38C1-4AA2-B610-DAC068D562DF}.Debug|Any CPU.ActiveCfg = Debug|Any CPU
		{69A5A301-38C1-4AA2-B610-DAC068D562DF}.Debug|Any CPU.Build.0 = Debug|Any CPU
		{69A5A301-38C1-4AA2-B610-DAC068D562DF}.Release|Any CPU.ActiveCfg = Release|Any CPU
		{69A5A301-38C1-4AA2-B610-DAC068D562DF}.Release|Any CPU.Build.0 = Release|Any CPU
	EndGlobalSection
	GlobalSection(SolutionProperties) = preSolution
		HideSolutionNode = FALSE
	EndGlobalSection
	GlobalSection(ExtensibilityGlobals) = postSolution
		SolutionGuid = {7251D764-BED5-4950-9826-7E837187B09A}
	EndGlobalSection
EndGlobal
